
Microsoft Visual Studio Solution File, Format Version 12.00
# Visual Studio 2012
Project("{FAE04EC0-301F-11D3-BF4B-00C04F79EFBC}") = "Pathfinder", "Pathfinder\Pathfinder.csproj", "{9A1CD44A-94F9-4C40-BEE9-5F93D1CCAF6E}"
EndProject
Global
	GlobalSection(SolutionConfigurationPlatforms) = preSolution
		Debug|Any CPU = Debug|Any CPU
		Release|Any CPU = Release|Any CPU
	EndGlobalSection
	GlobalSection(ProjectConfigurationPlatforms) = postSolution
		{9A1CD44A-94F9-4C40-BEE9-5F93D1CCAF6E}.Debug|Any CPU.ActiveCfg = Debug|Any CPU
		{9A1CD44A-94F9-4C40-BEE9-5F93D1CCAF6E}.Debug|Any CPU.Build.0 = Debug|Any CPU
		{9A1CD44A-94F9-4C40-BEE9-5F93D1CCAF6E}.Release|Any CPU.ActiveCfg = Release|Any CPU
		{9A1CD44A-94F9-4C40-BEE9-5F93D1CCAF6E}.Release|Any CPU.Build.0 = Release|Any CPU
	EndGlobalSection
	GlobalSection(SolutionProperties) = preSolution
		HideSolutionNode = FALSE
	EndGlobalSection
EndGlobal
